
Microsoft Visual Studio Solution File, Format Version 12.00
# Visual Studio Version 17
VisualStudioVersion = 17.3.32929.385
MinimumVisualStudioVersion = 10.0.40219.1
Project("{9A19103F-16F7-4668-BE54-9A1E7A4F7556}") = "EyesOfTheDragon", "EyesOfTheDragon\EyesOfTheDragon.csproj", "{A369CC52-448A-4689-9CED-1FEF03AFD676}"
EndProject
Project("{9A19103F-16F7-4668-BE54-9A1E7A4F7556}") = "RpgLibrary", "RpgLibrary\RpgLibrary.csproj", "{E5D34A7E-472B-4F7F-9FF4-8F1815E8483B}"
EndProject
Project("{D954291E-2A0B-460D-934E-DC6B0785DB48}") = "SharedProject", "SharedProject\SharedProject.shproj", "{A0CDBD0E-3A41-42B7-9425-A838BC2C7383}"
EndProject
Project("{9A19103F-16F7-4668-BE54-9A1E7A4F7556}") = "EyesOfTheDragonAndroid", "EyesOfTheDragonAndroid\EyesOfTheDragonAndroid.csproj", "{BBBEDE5A-178C-40D7-81CB-9A9EA58F2EF6}"
EndProject
Project("{FAE04EC0-301F-11D3-BF4B-00C04F79EFBC}") = "EyesOfTheDragoniOS", "EyesOfTheDragoniOS\EyesOfTheDragoniOS.csproj", "{5E9415C7-E814-4609-8D05-29AD188AD857}"
EndProject
Project("{FAE04EC0-301F-11D3-BF4B-00C04F79EFBC}") = "MapEditor", "MapEditor\MapEditor.csproj", "{CB7374C7-5F07-46A1-B353-274C9055CCB1}"
EndProject
Global
	GlobalSection(SolutionConfigurationPlatforms) = preSolution
		Debug|Any CPU = Debug|Any CPU
		Release|Any CPU = Release|Any CPU
	EndGlobalSection
	GlobalSection(ProjectConfigurationPlatforms) = postSolution
		{A369CC52-448A-4689-9CED-1FEF03AFD676}.Debug|Any CPU.ActiveCfg = Debug|Any CPU
		{A369CC52-448A-4689-9CED-1FEF03AFD676}.Debug|Any CPU.Build.0 = Debug|Any CPU
		{A369CC52-448A-4689-9CED-1FEF03AFD676}.Release|Any CPU.ActiveCfg = Release|Any CPU
		{A369CC52-448A-4689-9CED-1FEF03AFD676}.Release|Any CPU.Build.0 = Release|Any CPU
		{E5D34A7E-472B-4F7F-9FF4-8F1815E8483B}.Debug|Any CPU.ActiveCfg = Debug|Any CPU
		{E5D34A7E-472B-4F7F-9FF4-8F1815E8483B}.Debug|Any CPU.Build.0 = Debug|Any CPU
		{E5D34A7E-472B-4F7F-9FF4-8F1815E8483B}.Release|Any CPU.ActiveCfg = Release|Any CPU
		{E5D34A7E-472B-4F7F-9FF4-8F1815E8483B}.Release|Any CPU.Build.0 = Release|Any CPU
		{BBBEDE5A-178C-40D7-81CB-9A9EA58F2EF6}.Debug|Any CPU.ActiveCfg = Debug|Any CPU
		{BBBEDE5A-178C-40D7-81CB-9A9EA58F2EF6}.Debug|Any CPU.Build.0 = Debug|Any CPU
		{BBBEDE5A-178C-40D7-81CB-9A9EA58F2EF6}.Debug|Any CPU.Deploy.0 = Debug|Any CPU
		{BBBEDE5A-178C-40D7-81CB-9A9EA58F2EF6}.Release|Any CPU.ActiveCfg = Release|Any CPU
		{BBBEDE5A-178C-40D7-81CB-9A9EA58F2EF6}.Release|Any CPU.Build.0 = Release|Any CPU
		{BBBEDE5A-178C-40D7-81CB-9A9EA58F2EF6}.Release|Any CPU.Deploy.0 = Release|Any CPU
		{5E9415C7-E814-4609-8D05-29AD188AD857}.Debug|Any CPU.ActiveCfg = Debug|Any CPU
		{5E9415C7-E814-4609-8D05-29AD188AD857}.Debug|Any CPU.Build.0 = Debug|Any CPU
		{5E9415C7-E814-4609-8D05-29AD188AD857}.Debug|Any CPU.Deploy.0 = Debug|Any CPU
		{5E9415C7-E814-4609-8D05-29AD188AD857}.Release|Any CPU.ActiveCfg = Release|Any CPU
		{5E9415C7-E814-4609-8D05-29AD188AD857}.Release|Any CPU.Build.0 = Release|Any CPU
		{5E9415C7-E814-4609-8D05-29AD188AD857}.Release|Any CPU.Deploy.0 = Release|Any CPU
		{CB7374C7-5F07-46A1-B353-274C9055CCB1}.Debug|Any CPU.ActiveCfg = Debug|Any CPU
		{CB7374C7-5F07-46A1-B353-274C9055CCB1}.Debug|Any CPU.Build.0 = Debug|Any CPU
		{CB7374C7-5F07-46A1-B353-274C9055CCB1}.Release|Any CPU.ActiveCfg = Release|Any CPU
		{CB7374C7-5F07-46A1-B353-274C9055CCB1}.Release|Any CPU.Build.0 = Release|Any CPU
	EndGlobalSection
	GlobalSection(SolutionProperties) = preSolution
		HideSolutionNode = FALSE
	EndGlobalSection
	GlobalSection(ExtensibilityGlobals) = postSolution
		SolutionGuid = {ED567DB1-3AFE-4C57-B09F-A378E77686A8}
	EndGlobalSection
	GlobalSection(SharedMSBuildProjectFiles) = preSolution
		SharedProject\SharedProject.projitems*{5e9415c7-e814-4609-8d05-29ad188ad857}*SharedItemsImports = 5
		SharedProject\SharedProject.projitems*{a0cdbd0e-3a41-42b7-9425-a838bc2c7383}*SharedItemsImports = 13
		SharedProject\SharedProject.projitems*{a369cc52-448a-4689-9ced-1fef03afd676}*SharedItemsImports = 5
		SharedProject\SharedProject.projitems*{bbbede5a-178c-40d7-81cb-9a9ea58f2ef6}*SharedItemsImports = 5
		SharedProject\SharedProject.projitems*{cb7374c7-5f07-46a1-b353-274c9055ccb1}*SharedItemsImports = 5
	EndGlobalSection
EndGlobal
